
Microsoft Visual Studio Solution File, Format Version 12.00
# Visual Studio 14
VisualStudioVersion = 14.0.24720.0
MinimumVisualStudioVersion = 10.0.40219.1
Project("{FAE04EC0-301F-11D3-BF4B-00C04F79EFBC}") = "QrCode2", "WindowsFormsApplication1\QrCode2.csproj", "{260023D1-CC40-4CC6-9515-71EBA9F12BBC}"
EndProject
Global
	GlobalSection(SolutionConfigurationPlatforms) = preSolution
		Debug|Any CPU = Debug|Any CPU
		Release|Any CPU = Release|Any CPU
	EndGlobalSection
	GlobalSection(ProjectConfigurationPlatforms) = postSolution
		{260023D1-CC40-4CC6-9515-71EBA9F12BBC}.Debug|Any CPU.ActiveCfg = Debug|Any CPU
		{260023D1-CC40-4CC6-9515-71EBA9F12BBC}.Debug|Any CPU.Build.0 = Debug|Any CPU
		{260023D1-CC40-4CC6-9515-71EBA9F12BBC}.Release|Any CPU.ActiveCfg = Release|Any CPU
		{260023D1-CC40-4CC6-9515-71EBA9F12BBC}.Release|Any CPU.Build.0 = Release|Any CPU
	EndGlobalSection
	GlobalSection(SolutionProperties) = preSolution
		HideSolutionNode = FALSE
	EndGlobalSection
EndGlobal
